
Microsoft Visual Studio Solution File, Format Version 12.00
# Visual Studio 2015
Project("{FAE04EC0-301F-11D3-BF4B-00C04F79EFBC}") = "Litecoin Beta.Plugins", "Litecoin Beta.Plugins.csproj", "{ECB831D1-FEC1-7CF3-1329-4446EEA42AAB}"
EndProject
Project("{FAE04EC0-301F-11D3-BF4B-00C04F79EFBC}") = "Litecoin Beta", "Litecoin Beta.csproj", "{1A102F24-3E22-D89F-BE55-0349CF172E4E}"
EndProject
Project("{FAE04EC0-301F-11D3-BF4B-00C04F79EFBC}") = "Litecoin Beta.Editor.Plugins", "Litecoin Beta.Editor.Plugins.csproj", "{33A61276-C4C7-293E-5709-DD1DC7E9E123}"
EndProject
Global
	GlobalSection(SolutionConfigurationPlatforms) = preSolution
		Debug|Any CPU = Debug|Any CPU
		Release|Any CPU = Release|Any CPU
	EndGlobalSection
	GlobalSection(ProjectConfigurationPlatforms) = postSolution
		{ECB831D1-FEC1-7CF3-1329-4446EEA42AAB}.Debug|Any CPU.ActiveCfg = Debug|Any CPU
		{ECB831D1-FEC1-7CF3-1329-4446EEA42AAB}.Debug|Any CPU.Build.0 = Debug|Any CPU
		{ECB831D1-FEC1-7CF3-1329-4446EEA42AAB}.Release|Any CPU.ActiveCfg = Release|Any CPU
		{ECB831D1-FEC1-7CF3-1329-4446EEA42AAB}.Release|Any CPU.Build.0 = Release|Any CPU
		{1A102F24-3E22-D89F-BE55-0349CF172E4E}.Debug|Any CPU.ActiveCfg = Debug|Any CPU
		{1A102F24-3E22-D89F-BE55-0349CF172E4E}.Debug|Any CPU.Build.0 = Debug|Any CPU
		{1A102F24-3E22-D89F-BE55-0349CF172E4E}.Release|Any CPU.ActiveCfg = Release|Any CPU
		{1A102F24-3E22-D89F-BE55-0349CF172E4E}.Release|Any CPU.Build.0 = Release|Any CPU
		{33A61276-C4C7-293E-5709-DD1DC7E9E123}.Debug|Any CPU.ActiveCfg = Debug|Any CPU
		{33A61276-C4C7-293E-5709-DD1DC7E9E123}.Debug|Any CPU.Build.0 = Debug|Any CPU
		{33A61276-C4C7-293E-5709-DD1DC7E9E123}.Release|Any CPU.ActiveCfg = Release|Any CPU
		{33A61276-C4C7-293E-5709-DD1DC7E9E123}.Release|Any CPU.Build.0 = Release|Any CPU
	EndGlobalSection
	GlobalSection(SolutionProperties) = preSolution
		HideSolutionNode = FALSE
	EndGlobalSection
EndGlobal
